
Microsoft Visual Studio Solution File, Format Version 12.00
# Visual Studio 14
VisualStudioVersion = 14.0.25420.1
MinimumVisualStudioVersion = 10.0.40219.1
Project("{FAE04EC0-301F-11D3-BF4B-00C04F79EFBC}") = "ECommerceApp", "ECommerceApp\ECommerceApp\ECommerceApp.csproj", "{2B7228C9-FA5A-42C5-883F-3470B8F31E7B}"
EndProject
Project("{FAE04EC0-301F-11D3-BF4B-00C04F79EFBC}") = "ECommerceApp.Droid", "ECommerceApp\ECommerceApp.Droid\ECommerceApp.Droid.csproj", "{23AE3D82-17D1-47FD-A495-A8916791A991}"
EndProject
Project("{FAE04EC0-301F-11D3-BF4B-00C04F79EFBC}") = "ECommerceApp.iOS", "ECommerceApp\ECommerceApp.iOS\ECommerceApp.iOS.csproj", "{D096A61E-313C-4013-8751-945EE0E231EE}"
EndProject
Project("{FAE04EC0-301F-11D3-BF4B-00C04F79EFBC}") = "ECommerceApp.WinPhone", "ECommerceApp\ECommerceApp.WinPhone\ECommerceApp.WinPhone.csproj", "{FC060276-FC33-428B-B1B9-244CB031B3A2}"
EndProject
Project("{FAE04EC0-301F-11D3-BF4B-00C04F79EFBC}") = "ECommerceApp.UWP", "ECommerceApp\ECommerceApp.UWP\ECommerceApp.UWP.csproj", "{3B8AF91C-3E3C-4FCA-96B5-06A31A07376C}"
EndProject
Project("{FAE04EC0-301F-11D3-BF4B-00C04F79EFBC}") = "ECommerceApp.Windows", "ECommerceApp\ECommerceApp.Windows\ECommerceApp.Windows.csproj", "{8727F453-8068-431A-90E6-C349183CBFCE}"
EndProject
Global
	GlobalSection(SolutionConfigurationPlatforms) = preSolution
		Ad-Hoc|Any CPU = Ad-Hoc|Any CPU
		Ad-Hoc|ARM = Ad-Hoc|ARM
		Ad-Hoc|iPhone = Ad-Hoc|iPhone
		Ad-Hoc|iPhoneSimulator = Ad-Hoc|iPhoneSimulator
		Ad-Hoc|x64 = Ad-Hoc|x64
		Ad-Hoc|x86 = Ad-Hoc|x86
		AppStore|Any CPU = AppStore|Any CPU
		AppStore|ARM = AppStore|ARM
		AppStore|iPhone = AppStore|iPhone
		AppStore|iPhoneSimulator = AppStore|iPhoneSimulator
		AppStore|x64 = AppStore|x64
		AppStore|x86 = AppStore|x86
		Debug|Any CPU = Debug|Any CPU
		Debug|ARM = Debug|ARM
		Debug|iPhone = Debug|iPhone
		Debug|iPhoneSimulator = Debug|iPhoneSimulator
		Debug|x64 = Debug|x64
		Debug|x86 = Debug|x86
		Release|Any CPU = Release|Any CPU
		Release|ARM = Release|ARM
		Release|iPhone = Release|iPhone
		Release|iPhoneSimulator = Release|iPhoneSimulator
		Release|x64 = Release|x64
		Release|x86 = Release|x86
	EndGlobalSection
	GlobalSection(ProjectConfigurationPlatforms) = postSolution
		{2B7228C9-FA5A-42C5-883F-3470B8F31E7B}.Ad-Hoc|Any CPU.ActiveCfg = Release|Any CPU
		{2B7228C9-FA5A-42C5-883F-3470B8F31E7B}.Ad-Hoc|Any CPU.Build.0 = Release|Any CPU
		{2B7228C9-FA5A-42C5-883F-3470B8F31E7B}.Ad-Hoc|ARM.ActiveCfg = Release|Any CPU
		{2B7228C9-FA5A-42C5-883F-3470B8F31E7B}.Ad-Hoc|ARM.Build.0 = Release|Any CPU
		{2B7228C9-FA5A-42C5-883F-3470B8F31E7B}.Ad-Hoc|iPhone.ActiveCfg = Release|Any CPU
		{2B7228C9-FA5A-42C5-883F-3470B8F31E7B}.Ad-Hoc|iPhone.Build.0 = Release|Any CPU
		{2B7228C9-FA5A-42C5-883F-3470B8F31E7B}.Ad-Hoc|iPhoneSimulator.ActiveCfg = Release|Any CPU
		{2B7228C9-FA5A-42C5-883F-3470B8F31E7B}.Ad-Hoc|iPhoneSimulator.Build.0 = Release|Any CPU
		{2B7228C9-FA5A-42C5-883F-3470B8F31E7B}.Ad-Hoc|x64.ActiveCfg = Release|Any CPU
		{2B7228C9-FA5A-42C5-883F-3470B8F31E7B}.Ad-Hoc|x64.Build.0 = Release|Any CPU
		{2B7228C9-FA5A-42C5-883F-3470B8F31E7B}.Ad-Hoc|x86.ActiveCfg = Release|Any CPU
		{2B7228C9-FA5A-42C5-883F-3470B8F31E7B}.Ad-Hoc|x86.Build.0 = Release|Any CPU
		{2B7228C9-FA5A-42C5-883F-3470B8F31E7B}.AppStore|Any CPU.ActiveCfg = Release|Any CPU
		{2B7228C9-FA5A-42C5-883F-3470B8F31E7B}.AppStore|Any CPU.Build.0 = Release|Any CPU
		{2B7228C9-FA5A-42C5-883F-3470B8F31E7B}.AppStore|ARM.ActiveCfg = Release|Any CPU
		{2B7228C9-FA5A-42C5-883F-3470B8F31E7B}.AppStore|ARM.Build.0 = Release|Any CPU
		{2B7228C9-FA5A-42C5-883F-3470B8F31E7B}.AppStore|iPhone.ActiveCfg = Release|Any CPU
		{2B7228C9-FA5A-42C5-883F-3470B8F31E7B}.AppStore|iPhone.Build.0 = Release|Any CPU
		{2B7228C9-FA5A-42C5-883F-3470B8F31E7B}.AppStore|iPhoneSimulator.ActiveCfg = Release|Any CPU
		{2B7228C9-FA5A-42C5-883F-3470B8F31E7B}.AppStore|iPhoneSimulator.Build.0 = Release|Any CPU
		{2B7228C9-FA5A-42C5-883F-3470B8F31E7B}.AppStore|x64.ActiveCfg = Release|Any CPU
		{2B7228C9-FA5A-42C5-883F-3470B8F31E7B}.AppStore|x64.Build.0 = Release|Any CPU
		{2B7228C9-FA5A-42C5-883F-3470B8F31E7B}.AppStore|x86.ActiveCfg = Release|Any CPU
		{2B7228C9-FA5A-42C5-883F-3470B8F31E7B}.AppStore|x86.Build.0 = Release|Any CPU
		{2B7228C9-FA5A-42C5-883F-3470B8F31E7B}.Debug|Any CPU.ActiveCfg = Debug|Any CPU
		{2B7228C9-FA5A-42C5-883F-3470B8F31E7B}.Debug|Any CPU.Build.0 = Debug|Any CPU
		{2B7228C9-FA5A-42C5-883F-3470B8F31E7B}.Debug|ARM.ActiveCfg = Debug|Any CPU
		{2B7228C9-FA5A-42C5-883F-3470B8F31E7B}.Debug|ARM.Build.0 = Debug|Any CPU
		{2B7228C9-FA5A-42C5-883F-3470B8F31E7B}.Debug|iPhone.ActiveCfg = Debug|Any CPU
		{2B7228C9-FA5A-42C5-883F-3470B8F31E7B}.Debug|iPhone.Build.0 = Debug|Any CPU
		{2B7228C9-FA5A-42C5-883F-3470B8F31E7B}.Debug|iPhoneSimulator.ActiveCfg = Debug|Any CPU
		{2B7228C9-FA5A-42C5-883F-3470B8F31E7B}.Debug|iPhoneSimulator.Build.0 = Debug|Any CPU
		{2B7228C9-FA5A-42C5-883F-3470B8F31E7B}.Debug|x64.ActiveCfg = Debug|Any CPU
		{2B7228C9-FA5A-42C5-883F-3470B8F31E7B}.Debug|x64.Build.0 = Debug|Any CPU
		{2B7228C9-FA5A-42C5-883F-3470B8F31E7B}.Debug|x86.ActiveCfg = Debug|Any CPU
		{2B7228C9-FA5A-42C5-883F-3470B8F31E7B}.Debug|x86.Build.0 = Debug|Any CPU
		{2B7228C9-FA5A-42C5-883F-3470B8F31E7B}.Release|Any CPU.ActiveCfg = Release|Any CPU
		{2B7228C9-FA5A-42C5-883F-3470B8F31E7B}.Release|Any CPU.Build.0 = Release|Any CPU
		{2B7228C9-FA5A-42C5-883F-3470B8F31E7B}.Release|ARM.ActiveCfg = Release|Any CPU
		{2B7228C9-FA5A-42C5-883F-3470B8F31E7B}.Release|ARM.Build.0 = Release|Any CPU
		{2B7228C9-FA5A-42C5-883F-3470B8F31E7B}.Release|iPhone.ActiveCfg = Release|Any CPU
		{2B7228C9-FA5A-42C5-883F-3470B8F31E7B}.Release|iPhone.Build.0 = Release|Any CPU
		{2B7228C9-FA5A-42C5-883F-3470B8F31E7B}.Release|iPhoneSimulator.ActiveCfg = Release|Any CPU
		{2B7228C9-FA5A-42C5-883F-3470B8F31E7B}.Release|iPhoneSimulator.Build.0 = Release|Any CPU
		{2B7228C9-FA5A-42C5-883F-3470B8F31E7B}.Release|x64.ActiveCfg = Release|Any CPU
		{2B7228C9-FA5A-42C5-883F-3470B8F31E7B}.Release|x64.Build.0 = Release|Any CPU
		{2B7228C9-FA5A-42C5-883F-3470B8F31E7B}.Release|x86.ActiveCfg = Release|Any CPU
		{2B7228C9-FA5A-42C5-883F-3470B8F31E7B}.Release|x86.Build.0 = Release|Any CPU
		{23AE3D82-17D1-47FD-A495-A8916791A991}.Ad-Hoc|Any CPU.ActiveCfg = Release|Any CPU
		{23AE3D82-17D1-47FD-A495-A8916791A991}.Ad-Hoc|Any CPU.Build.0 = Release|Any CPU
		{23AE3D82-17D1-47FD-A495-A8916791A991}.Ad-Hoc|Any CPU.Deploy.0 = Release|Any CPU
		{23AE3D82-17D1-47FD-A495-A8916791A991}.Ad-Hoc|ARM.ActiveCfg = Release|Any CPU
		{23AE3D82-17D1-47FD-A495-A8916791A991}.Ad-Hoc|ARM.Build.0 = Release|Any CPU
		{23AE3D82-17D1-47FD-A495-A8916791A991}.Ad-Hoc|ARM.Deploy.0 = Release|Any CPU
		{23AE3D82-17D1-47FD-A495-A8916791A991}.Ad-Hoc|iPhone.ActiveCfg = Release|Any CPU
		{23AE3D82-17D1-47FD-A495-A8916791A991}.Ad-Hoc|iPhone.Build.0 = Release|Any CPU
		{23AE3D82-17D1-47FD-A495-A8916791A991}.Ad-Hoc|iPhone.Deploy.0 = Release|Any CPU
		{23AE3D82-17D1-47FD-A495-A8916791A991}.Ad-Hoc|iPhoneSimulator.ActiveCfg = Release|Any CPU
		{23AE3D82-17D1-47FD-A495-A8916791A991}.Ad-Hoc|iPhoneSimulator.Build.0 = Release|Any CPU
		{23AE3D82-17D1-47FD-A495-A8916791A991}.Ad-Hoc|iPhoneSimulator.Deploy.0 = Release|Any CPU
		{23AE3D82-17D1-47FD-A495-A8916791A991}.Ad-Hoc|x64.ActiveCfg = Release|Any CPU
		{23AE3D82-17D1-47FD-A495-A8916791A991}.Ad-Hoc|x64.Build.0 = Release|Any CPU
		{23AE3D82-17D1-47FD-A495-A8916791A991}.Ad-Hoc|x64.Deploy.0 = Release|Any CPU
		{23AE3D82-17D1-47FD-A495-A8916791A991}.Ad-Hoc|x86.ActiveCfg = Release|Any CPU
		{23AE3D82-17D1-47FD-A495-A8916791A991}.Ad-Hoc|x86.Build.0 = Release|Any CPU
		{23AE3D82-17D1-47FD-A495-A8916791A991}.Ad-Hoc|x86.Deploy.0 = Release|Any CPU
		{23AE3D82-17D1-47FD-A495-A8916791A991}.AppStore|Any CPU.ActiveCfg = Release|Any CPU
		{23AE3D82-17D1-47FD-A495-A8916791A991}.AppStore|Any CPU.Build.0 = Release|Any CPU
		{23AE3D82-17D1-47FD-A495-A8916791A991}.AppStore|Any CPU.Deploy.0 = Release|Any CPU
		{23AE3D82-17D1-47FD-A495-A8916791A991}.AppStore|ARM.ActiveCfg = Release|Any CPU
		{23AE3D82-17D1-47FD-A495-A8916791A991}.AppStore|ARM.Build.0 = Release|Any CPU
		{23AE3D82-17D1-47FD-A495-A8916791A991}.AppStore|ARM.Deploy.0 = Release|Any CPU
		{23AE3D82-17D1-47FD-A495-A8916791A991}.AppStore|iPhone.ActiveCfg = Release|Any CPU
		{23AE3D82-17D1-47FD-A495-A8916791A991}.AppStore|iPhone.Build.0 = Release|Any CPU
		{23AE3D82-17D1-47FD-A495-A8916791A991}.AppStore|iPhone.Deploy.0 = Release|Any CPU
		{23AE3D82-17D1-47FD-A495-A8916791A991}.AppStore|iPhoneSimulator.ActiveCfg = Release|Any CPU
		{23AE3D82-17D1-47FD-A495-A8916791A991}.AppStore|iPhoneSimulator.Build.0 = Release|Any CPU
		{23AE3D82-17D1-47FD-A495-A8916791A991}.AppStore|iPhoneSimulator.Deploy.0 = Release|Any CPU
		{23AE3D82-17D1-47FD-A495-A8916791A991}.AppStore|x64.ActiveCfg = Release|Any CPU
		{23AE3D82-17D1-47FD-A495-A8916791A991}.AppStore|x64.Build.0 = Release|Any CPU
		{23AE3D82-17D1-47FD-A495-A8916791A991}.AppStore|x64.Deploy.0 = Release|Any CPU
		{23AE3D82-17D1-47FD-A495-A8916791A991}.AppStore|x86.ActiveCfg = Release|Any CPU
		{23AE3D82-17D1-47FD-A495-A8916791A991}.AppStore|x86.Build.0 = Release|Any CPU
		{23AE3D82-17D1-47FD-A495-A8916791A991}.AppStore|x86.Deploy.0 = Release|Any CPU
		{23AE3D82-17D1-47FD-A495-A8916791A991}.Debug|Any CPU.ActiveCfg = Debug|Any CPU
		{23AE3D82-17D1-47FD-A495-A8916791A991}.Debug|Any CPU.Build.0 = Debug|Any CPU
		{23AE3D82-17D1-47FD-A495-A8916791A991}.Debug|Any CPU.Deploy.0 = Debug|Any CPU
		{23AE3D82-17D1-47FD-A495-A8916791A991}.Debug|ARM.ActiveCfg = Debug|Any CPU
		{23AE3D82-17D1-47FD-A495-A8916791A991}.Debug|ARM.Build.0 = Debug|Any CPU
		{23AE3D82-17D1-47FD-A495-A8916791A991}.Debug|ARM.Deploy.0 = Debug|Any CPU
		{23AE3D82-17D1-47FD-A495-A8916791A991}.Debug|iPhone.ActiveCfg = Debug|Any CPU
		{23AE3D82-17D1-47FD-A495-A8916791A991}.Debug|iPhone.Build.0 = Debug|Any CPU
		{23AE3D82-17D1-47FD-A495-A8916791A991}.Debug|iPhone.Deploy.0 = Debug|Any CPU
		{23AE3D82-17D1-47FD-A495-A8916791A991}.Debug|iPhoneSimulator.ActiveCfg = Debug|Any CPU
		{23AE3D82-17D1-47FD-A495-A8916791A991}.Debug|iPhoneSimulator.Build.0 = Debug|Any CPU
		{23AE3D82-17D1-47FD-A495-A8916791A991}.Debug|iPhoneSimulator.Deploy.0 = Debug|Any CPU
		{23AE3D82-17D1-47FD-A495-A8916791A991}.Debug|x64.ActiveCfg = Debug|Any CPU
		{23AE3D82-17D1-47FD-A495-A8916791A991}.Debug|x64.Build.0 = Debug|Any CPU
		{23AE3D82-17D1-47FD-A495-A8916791A991}.Debug|x64.Deploy.0 = Debug|Any CPU
		{23AE3D82-17D1-47FD-A495-A8916791A991}.Debug|x86.ActiveCfg = Debug|Any CPU
		{23AE3D82-17D1-47FD-A495-A8916791A991}.Debug|x86.Build.0 = Debug|Any CPU
		{23AE3D82-17D1-47FD-A495-A8916791A991}.Debug|x86.Deploy.0 = Debug|Any CPU
		{23AE3D82-17D1-47FD-A495-A8916791A991}.Release|Any CPU.ActiveCfg = Release|Any CPU
		{23AE3D82-17D1-47FD-A495-A8916791A991}.Release|Any CPU.Build.0 = Release|Any CPU
		{23AE3D82-17D1-47FD-A495-A8916791A991}.Release|Any CPU.Deploy.0 = Release|Any CPU
		{23AE3D82-17D1-47FD-A495-A8916791A991}.Release|ARM.ActiveCfg = Release|Any CPU
		{23AE3D82-17D1-47FD-A495-A8916791A991}.Release|ARM.Build.0 = Release|Any CPU
		{23AE3D82-17D1-47FD-A495-A8916791A991}.Release|ARM.Deploy.0 = Release|Any CPU
		{23AE3D82-17D1-47FD-A495-A8916791A991}.Release|iPhone.ActiveCfg = Release|Any CPU
		{23AE3D82-17D1-47FD-A495-A8916791A991}.Release|iPhone.Build.0 = Release|Any CPU
		{23AE3D82-17D1-47FD-A495-A8916791A991}.Release|iPhone.Deploy.0 = Release|Any CPU
		{23AE3D82-17D1-47FD-A495-A8916791A991}.Release|iPhoneSimulator.ActiveCfg = Release|Any CPU
		{23AE3D82-17D1-47FD-A495-A8916791A991}.Release|iPhoneSimulator.Build.0 = Release|Any CPU
		{23AE3D82-17D1-47FD-A495-A8916791A991}.Release|iPhoneSimulator.Deploy.0 = Release|Any CPU
		{23AE3D82-17D1-47FD-A495-A8916791A991}.Release|x64.ActiveCfg = Release|Any CPU
		{23AE3D82-17D1-47FD-A495-A8916791A991}.Release|x64.Build.0 = Release|Any CPU
		{23AE3D82-17D1-47FD-A495-A8916791A991}.Release|x64.Deploy.0 = Release|Any CPU
		{23AE3D82-17D1-47FD-A495-A8916791A991}.Release|x86.ActiveCfg = Release|Any CPU
		{23AE3D82-17D1-47FD-A495-A8916791A991}.Release|x86.Build.0 = Release|Any CPU
		{23AE3D82-17D1-47FD-A495-A8916791A991}.Release|x86.Deploy.0 = Release|Any CPU
		{D096A61E-313C-4013-8751-945EE0E231EE}.Ad-Hoc|Any CPU.ActiveCfg = Ad-Hoc|iPhone
		{D096A61E-313C-4013-8751-945EE0E231EE}.Ad-Hoc|ARM.ActiveCfg = Ad-Hoc|iPhone
		{D096A61E-313C-4013-8751-945EE0E231EE}.Ad-Hoc|iPhone.ActiveCfg = Ad-Hoc|iPhone
		{D096A61E-313C-4013-8751-945EE0E231EE}.Ad-Hoc|iPhone.Build.0 = Ad-Hoc|iPhone
		{D096A61E-313C-4013-8751-945EE0E231EE}.Ad-Hoc|iPhoneSimulator.ActiveCfg = Ad-Hoc|iPhoneSimulator
		{D096A61E-313C-4013-8751-945EE0E231EE}.Ad-Hoc|iPhoneSimulator.Build.0 = Ad-Hoc|iPhoneSimulator
		{D096A61E-313C-4013-8751-945EE0E231EE}.Ad-Hoc|x64.ActiveCfg = Ad-Hoc|iPhone
		{D096A61E-313C-4013-8751-945EE0E231EE}.Ad-Hoc|x86.ActiveCfg = Ad-Hoc|iPhone
		{D096A61E-313C-4013-8751-945EE0E231EE}.AppStore|Any CPU.ActiveCfg = AppStore|iPhone
		{D096A61E-313C-4013-8751-945EE0E231EE}.AppStore|ARM.ActiveCfg = AppStore|iPhone
		{D096A61E-313C-4013-8751-945EE0E231EE}.AppStore|iPhone.ActiveCfg = AppStore|iPhone
		{D096A61E-313C-4013-8751-945EE0E231EE}.AppStore|iPhone.Build.0 = AppStore|iPhone
		{D096A61E-313C-4013-8751-945EE0E231EE}.AppStore|iPhoneSimulator.ActiveCfg = AppStore|iPhoneSimulator
		{D096A61E-313C-4013-8751-945EE0E231EE}.AppStore|iPhoneSimulator.Build.0 = AppStore|iPhoneSimulator
		{D096A61E-313C-4013-8751-945EE0E231EE}.AppStore|x64.ActiveCfg = AppStore|iPhone
		{D096A61E-313C-4013-8751-945EE0E231EE}.AppStore|x86.ActiveCfg = AppStore|iPhone
		{D096A61E-313C-4013-8751-945EE0E231EE}.Debug|Any CPU.ActiveCfg = Debug|iPhone
		{D096A61E-313C-4013-8751-945EE0E231EE}.Debug|ARM.ActiveCfg = Debug|iPhone
		{D096A61E-313C-4013-8751-945EE0E231EE}.Debug|iPhone.ActiveCfg = Debug|iPhone
		{D096A61E-313C-4013-8751-945EE0E231EE}.Debug|iPhone.Build.0 = Debug|iPhone
		{D096A61E-313C-4013-8751-945EE0E231EE}.Debug|iPhoneSimulator.ActiveCfg = Debug|iPhoneSimulator
		{D096A61E-313C-4013-8751-945EE0E231EE}.Debug|iPhoneSimulator.Build.0 = Debug|iPhoneSimulator
		{D096A61E-313C-4013-8751-945EE0E231EE}.Debug|x64.ActiveCfg = Debug|iPhone
		{D096A61E-313C-4013-8751-945EE0E231EE}.Debug|x86.ActiveCfg = Debug|iPhone
		{D096A61E-313C-4013-8751-945EE0E231EE}.Release|Any CPU.ActiveCfg = Release|iPhone
		{D096A61E-313C-4013-8751-945EE0E231EE}.Release|ARM.ActiveCfg = Release|iPhone
		{D096A61E-313C-4013-8751-945EE0E231EE}.Release|iPhone.ActiveCfg = Release|iPhone
		{D096A61E-313C-4013-8751-945EE0E231EE}.Release|iPhone.Build.0 = Release|iPhone
		{D096A61E-313C-4013-8751-945EE0E231EE}.Release|iPhoneSimulator.ActiveCfg = Release|iPhoneSimulator
		{D096A61E-313C-4013-8751-945EE0E231EE}.Release|iPhoneSimulator.Build.0 = Release|iPhoneSimulator
		{D096A61E-313C-4013-8751-945EE0E231EE}.Release|x64.ActiveCfg = Release|iPhone
		{D096A61E-313C-4013-8751-945EE0E231EE}.Release|x86.ActiveCfg = Release|iPhone
		{FC060276-FC33-428B-B1B9-244CB031B3A2}.Ad-Hoc|Any CPU.ActiveCfg = Release|Any CPU
		{FC060276-FC33-428B-B1B9-244CB031B3A2}.Ad-Hoc|Any CPU.Build.0 = Release|Any CPU
		{FC060276-FC33-428B-B1B9-244CB031B3A2}.Ad-Hoc|Any CPU.Deploy.0 = Release|Any CPU
		{FC060276-FC33-428B-B1B9-244CB031B3A2}.Ad-Hoc|ARM.ActiveCfg = Release|ARM
		{FC060276-FC33-428B-B1B9-244CB031B3A2}.Ad-Hoc|ARM.Build.0 = Release|ARM
		{FC060276-FC33-428B-B1B9-244CB031B3A2}.Ad-Hoc|ARM.Deploy.0 = Release|ARM
		{FC060276-FC33-428B-B1B9-244CB031B3A2}.Ad-Hoc|iPhone.ActiveCfg = Release|Any CPU
		{FC060276-FC33-428B-B1B9-244CB031B3A2}.Ad-Hoc|iPhone.Build.0 = Release|Any CPU
		{FC060276-FC33-428B-B1B9-244CB031B3A2}.Ad-Hoc|iPhone.Deploy.0 = Release|Any CPU
		{FC060276-FC33-428B-B1B9-244CB031B3A2}.Ad-Hoc|iPhoneSimulator.ActiveCfg = Release|Any CPU
		{FC060276-FC33-428B-B1B9-244CB031B3A2}.Ad-Hoc|iPhoneSimulator.Build.0 = Release|Any CPU
		{FC060276-FC33-428B-B1B9-244CB031B3A2}.Ad-Hoc|iPhoneSimulator.Deploy.0 = Release|Any CPU
		{FC060276-FC33-428B-B1B9-244CB031B3A2}.Ad-Hoc|x64.ActiveCfg = Release|Any CPU
		{FC060276-FC33-428B-B1B9-244CB031B3A2}.Ad-Hoc|x64.Build.0 = Release|Any CPU
		{FC060276-FC33-428B-B1B9-244CB031B3A2}.Ad-Hoc|x64.Deploy.0 = Release|Any CPU
		{FC060276-FC33-428B-B1B9-244CB031B3A2}.Ad-Hoc|x86.ActiveCfg = Release|x86
		{FC060276-FC33-428B-B1B9-244CB031B3A2}.Ad-Hoc|x86.Build.0 = Release|x86
		{FC060276-FC33-428B-B1B9-244CB031B3A2}.Ad-Hoc|x86.Deploy.0 = Release|x86
		{FC060276-FC33-428B-B1B9-244CB031B3A2}.AppStore|Any CPU.ActiveCfg = Release|Any CPU
		{FC060276-FC33-428B-B1B9-244CB031B3A2}.AppStore|Any CPU.Build.0 = Release|Any CPU
		{FC060276-FC33-428B-B1B9-244CB031B3A2}.AppStore|Any CPU.Deploy.0 = Release|Any CPU
		{FC060276-FC33-428B-B1B9-244CB031B3A2}.AppStore|ARM.ActiveCfg = Release|ARM
		{FC060276-FC33-428B-B1B9-244CB031B3A2}.AppStore|ARM.Build.0 = Release|ARM
		{FC060276-FC33-428B-B1B9-244CB031B3A2}.AppStore|ARM.Deploy.0 = Release|ARM
		{FC060276-FC33-428B-B1B9-244CB031B3A2}.AppStore|iPhone.ActiveCfg = Release|Any CPU
		{FC060276-FC33-428B-B1B9-244CB031B3A2}.AppStore|iPhone.Build.0 = Release|Any CPU
		{FC060276-FC33-428B-B1B9-244CB031B3A2}.AppStore|iPhone.Deploy.0 = Release|Any CPU
		{FC060276-FC33-428B-B1B9-244CB031B3A2}.AppStore|iPhoneSimulator.ActiveCfg = Release|Any CPU
		{FC060276-FC33-428B-B1B9-244CB031B3A2}.AppStore|iPhoneSimulator.Build.0 = Release|Any CPU
		{FC060276-FC33-428B-B1B9-244CB031B3A2}.AppStore|iPhoneSimulator.Deploy.0 = Release|Any CPU
		{FC060276-FC33-428B-B1B9-244CB031B3A2}.AppStore|x64.ActiveCfg = Release|Any CPU
		{FC060276-FC33-428B-B1B9-244CB031B3A2}.AppStore|x64.Build.0 = Release|Any CPU
		{FC060276-FC33-428B-B1B9-244CB031B3A2}.AppStore|x64.Deploy.0 = Release|Any CPU
		{FC060276-FC33-428B-B1B9-244CB031B3A2}.AppStore|x86.ActiveCfg = Release|x86
		{FC060276-FC33-428B-B1B9-244CB031B3A2}.AppStore|x86.Build.0 = Release|x86
		{FC060276-FC33-428B-B1B9-244CB031B3A2}.AppStore|x86.Deploy.0 = Release|x86
		{FC060276-FC33-428B-B1B9-244CB031B3A2}.Debug|Any CPU.ActiveCfg = Debug|Any CPU
		{FC060276-FC33-428B-B1B9-244CB031B3A2}.Debug|ARM.ActiveCfg = Debug|ARM
		{FC060276-FC33-428B-B1B9-244CB031B3A2}.Debug|ARM.Build.0 = Debug|ARM
		{FC060276-FC33-428B-B1B9-244CB031B3A2}.Debug|ARM.Deploy.0 = Debug|ARM
		{FC060276-FC33-428B-B1B9-244CB031B3A2}.Debug|iPhone.ActiveCfg = Debug|Any CPU
		{FC060276-FC33-428B-B1B9-244CB031B3A2}.Debug|iPhone.Build.0 = Debug|Any CPU
		{FC060276-FC33-428B-B1B9-244CB031B3A2}.Debug|iPhone.Deploy.0 = Debug|Any CPU
		{FC060276-FC33-428B-B1B9-244CB031B3A2}.Debug|iPhoneSimulator.ActiveCfg = Debug|Any CPU
		{FC060276-FC33-428B-B1B9-244CB031B3A2}.Debug|iPhoneSimulator.Build.0 = Debug|Any CPU
		{FC060276-FC33-428B-B1B9-244CB031B3A2}.Debug|iPhoneSimulator.Deploy.0 = Debug|Any CPU
		{FC060276-FC33-428B-B1B9-244CB031B3A2}.Debug|x64.ActiveCfg = Debug|Any CPU
		{FC060276-FC33-428B-B1B9-244CB031B3A2}.Debug|x64.Build.0 = Debug|Any CPU
		{FC060276-FC33-428B-B1B9-244CB031B3A2}.Debug|x64.Deploy.0 = Debug|Any CPU
		{FC060276-FC33-428B-B1B9-244CB031B3A2}.Debug|x86.ActiveCfg = Debug|x86
		{FC060276-FC33-428B-B1B9-244CB031B3A2}.Debug|x86.Build.0 = Debug|x86
		{FC060276-FC33-428B-B1B9-244CB031B3A2}.Debug|x86.Deploy.0 = Debug|x86
		{FC060276-FC33-428B-B1B9-244CB031B3A2}.Release|Any CPU.ActiveCfg = Release|Any CPU
		{FC060276-FC33-428B-B1B9-244CB031B3A2}.Release|Any CPU.Build.0 = Release|Any CPU
		{FC060276-FC33-428B-B1B9-244CB031B3A2}.Release|Any CPU.Deploy.0 = Release|Any CPU
		{FC060276-FC33-428B-B1B9-244CB031B3A2}.Release|ARM.ActiveCfg = Release|ARM
		{FC060276-FC33-428B-B1B9-244CB031B3A2}.Release|ARM.Build.0 = Release|ARM
		{FC060276-FC33-428B-B1B9-244CB031B3A2}.Release|ARM.Deploy.0 = Release|ARM
		{FC060276-FC33-428B-B1B9-244CB031B3A2}.Release|iPhone.ActiveCfg = Release|Any CPU
		{FC060276-FC33-428B-B1B9-244CB031B3A2}.Release|iPhone.Build.0 = Release|Any CPU
		{FC060276-FC33-428B-B1B9-244CB031B3A2}.Release|iPhone.Deploy.0 = Release|Any CPU
		{FC060276-FC33-428B-B1B9-244CB031B3A2}.Release|iPhoneSimulator.ActiveCfg = Release|Any CPU
		{FC060276-FC33-428B-B1B9-244CB031B3A2}.Release|iPhoneSimulator.Build.0 = Release|Any CPU
		{FC060276-FC33-428B-B1B9-244CB031B3A2}.Release|iPhoneSimulator.Deploy.0 = Release|Any CPU
		{FC060276-FC33-428B-B1B9-244CB031B3A2}.Release|x64.ActiveCfg = Release|Any CPU
		{FC060276-FC33-428B-B1B9-244CB031B3A2}.Release|x64.Build.0 = Release|Any CPU
		{FC060276-FC33-428B-B1B9-244CB031B3A2}.Release|x64.Deploy.0 = Release|Any CPU
		{FC060276-FC33-428B-B1B9-244CB031B3A2}.Release|x86.ActiveCfg = Release|x86
		{FC060276-FC33-428B-B1B9-244CB031B3A2}.Release|x86.Build.0 = Release|x86
		{FC060276-FC33-428B-B1B9-244CB031B3A2}.Release|x86.Deploy.0 = Release|x86
		{3B8AF91C-3E3C-4FCA-96B5-06A31A07376C}.Ad-Hoc|Any CPU.ActiveCfg = Release|x86
		{3B8AF91C-3E3C-4FCA-96B5-06A31A07376C}.Ad-Hoc|Any CPU.Build.0 = Release|x86
		{3B8AF91C-3E3C-4FCA-96B5-06A31A07376C}.Ad-Hoc|Any CPU.Deploy.0 = Release|x86
		{3B8AF91C-3E3C-4FCA-96B5-06A31A07376C}.Ad-Hoc|ARM.ActiveCfg = Release|ARM
		{3B8AF91C-3E3C-4FCA-96B5-06A31A07376C}.Ad-Hoc|ARM.Build.0 = Release|ARM
		{3B8AF91C-3E3C-4FCA-96B5-06A31A07376C}.Ad-Hoc|ARM.Deploy.0 = Release|ARM
		{3B8AF91C-3E3C-4FCA-96B5-06A31A07376C}.Ad-Hoc|iPhone.ActiveCfg = Release|x86
		{3B8AF91C-3E3C-4FCA-96B5-06A31A07376C}.Ad-Hoc|iPhone.Build.0 = Release|x86
		{3B8AF91C-3E3C-4FCA-96B5-06A31A07376C}.Ad-Hoc|iPhone.Deploy.0 = Release|x86
		{3B8AF91C-3E3C-4FCA-96B5-06A31A07376C}.Ad-Hoc|iPhoneSimulator.ActiveCfg = Release|x86
		{3B8AF91C-3E3C-4FCA-96B5-06A31A07376C}.Ad-Hoc|iPhoneSimulator.Build.0 = Release|x86
		{3B8AF91C-3E3C-4FCA-96B5-06A31A07376C}.Ad-Hoc|iPhoneSimulator.Deploy.0 = Release|x86
		{3B8AF91C-3E3C-4FCA-96B5-06A31A07376C}.Ad-Hoc|x64.ActiveCfg = Release|x64
		{3B8AF91C-3E3C-4FCA-96B5-06A31A07376C}.Ad-Hoc|x64.Build.0 = Release|x64
		{3B8AF91C-3E3C-4FCA-96B5-06A31A07376C}.Ad-Hoc|x64.Deploy.0 = Release|x64
		{3B8AF91C-3E3C-4FCA-96B5-06A31A07376C}.Ad-Hoc|x86.ActiveCfg = Release|x86
		{3B8AF91C-3E3C-4FCA-96B5-06A31A07376C}.Ad-Hoc|x86.Build.0 = Release|x86
		{3B8AF91C-3E3C-4FCA-96B5-06A31A07376C}.Ad-Hoc|x86.Deploy.0 = Release|x86
		{3B8AF91C-3E3C-4FCA-96B5-06A31A07376C}.AppStore|Any CPU.ActiveCfg = Release|x86
		{3B8AF91C-3E3C-4FCA-96B5-06A31A07376C}.AppStore|Any CPU.Build.0 = Release|x86
		{3B8AF91C-3E3C-4FCA-96B5-06A31A07376C}.AppStore|Any CPU.Deploy.0 = Release|x86
		{3B8AF91C-3E3C-4FCA-96B5-06A31A07376C}.AppStore|ARM.ActiveCfg = Release|ARM
		{3B8AF91C-3E3C-4FCA-96B5-06A31A07376C}.AppStore|ARM.Build.0 = Release|ARM
		{3B8AF91C-3E3C-4FCA-96B5-06A31A07376C}.AppStore|ARM.Deploy.0 = Release|ARM
		{3B8AF91C-3E3C-4FCA-96B5-06A31A07376C}.AppStore|iPhone.ActiveCfg = Release|x86
		{3B8AF91C-3E3C-4FCA-96B5-06A31A07376C}.AppStore|iPhone.Build.0 = Release|x86
		{3B8AF91C-3E3C-4FCA-96B5-06A31A07376C}.AppStore|iPhone.Deploy.0 = Release|x86
		{3B8AF91C-3E3C-4FCA-96B5-06A31A07376C}.AppStore|iPhoneSimulator.ActiveCfg = Release|x86
		{3B8AF91C-3E3C-4FCA-96B5-06A31A07376C}.AppStore|iPhoneSimulator.Build.0 = Release|x86
		{3B8AF91C-3E3C-4FCA-96B5-06A31A07376C}.AppStore|iPhoneSimulator.Deploy.0 = Release|x86
		{3B8AF91C-3E3C-4FCA-96B5-06A31A07376C}.AppStore|x64.ActiveCfg = Release|x64
		{3B8AF91C-3E3C-4FCA-96B5-06A31A07376C}.AppStore|x64.Build.0 = Release|x64
		{3B8AF91C-3E3C-4FCA-96B5-06A31A07376C}.AppStore|x64.Deploy.0 = Release|x64
		{3B8AF91C-3E3C-4FCA-96B5-06A31A07376C}.AppStore|x86.ActiveCfg = Release|x86
		{3B8AF91C-3E3C-4FCA-96B5-06A31A07376C}.AppStore|x86.Build.0 = Release|x86
		{3B8AF91C-3E3C-4FCA-96B5-06A31A07376C}.AppStore|x86.Deploy.0 = Release|x86
		{3B8AF91C-3E3C-4FCA-96B5-06A31A07376C}.Debug|Any CPU.ActiveCfg = Debug|x86
		{3B8AF91C-3E3C-4FCA-96B5-06A31A07376C}.Debug|ARM.ActiveCfg = Debug|ARM
		{3B8AF91C-3E3C-4FCA-96B5-06A31A07376C}.Debug|ARM.Build.0 = Debug|ARM
		{3B8AF91C-3E3C-4FCA-96B5-06A31A07376C}.Debug|ARM.Deploy.0 = Debug|ARM
		{3B8AF91C-3E3C-4FCA-96B5-06A31A07376C}.Debug|iPhone.ActiveCfg = Debug|x86
		{3B8AF91C-3E3C-4FCA-96B5-06A31A07376C}.Debug|iPhoneSimulator.ActiveCfg = Debug|x86
		{3B8AF91C-3E3C-4FCA-96B5-06A31A07376C}.Debug|x64.ActiveCfg = Debug|x64
		{3B8AF91C-3E3C-4FCA-96B5-06A31A07376C}.Debug|x64.Build.0 = Debug|x64
		{3B8AF91C-3E3C-4FCA-96B5-06A31A07376C}.Debug|x64.Deploy.0 = Debug|x64
		{3B8AF91C-3E3C-4FCA-96B5-06A31A07376C}.Debug|x86.ActiveCfg = Debug|x86
		{3B8AF91C-3E3C-4FCA-96B5-06A31A07376C}.Debug|x86.Build.0 = Debug|x86
		{3B8AF91C-3E3C-4FCA-96B5-06A31A07376C}.Debug|x86.Deploy.0 = Debug|x86
		{3B8AF91C-3E3C-4FCA-96B5-06A31A07376C}.Release|Any CPU.ActiveCfg = Release|x86
		{3B8AF91C-3E3C-4FCA-96B5-06A31A07376C}.Release|ARM.ActiveCfg = Release|ARM
		{3B8AF91C-3E3C-4FCA-96B5-06A31A07376C}.Release|ARM.Build.0 = Release|ARM
		{3B8AF91C-3E3C-4FCA-96B5-06A31A07376C}.Release|ARM.Deploy.0 = Release|ARM
		{3B8AF91C-3E3C-4FCA-96B5-06A31A07376C}.Release|iPhone.ActiveCfg = Release|x86
		{3B8AF91C-3E3C-4FCA-96B5-06A31A07376C}.Release|iPhoneSimulator.ActiveCfg = Release|x86
		{3B8AF91C-3E3C-4FCA-96B5-06A31A07376C}.Release|x64.ActiveCfg = Release|x64
		{3B8AF91C-3E3C-4FCA-96B5-06A31A07376C}.Release|x64.Build.0 = Release|x64
		{3B8AF91C-3E3C-4FCA-96B5-06A31A07376C}.Release|x64.Deploy.0 = Release|x64
		{3B8AF91C-3E3C-4FCA-96B5-06A31A07376C}.Release|x86.ActiveCfg = Release|x86
		{3B8AF91C-3E3C-4FCA-96B5-06A31A07376C}.Release|x86.Build.0 = Release|x86
		{3B8AF91C-3E3C-4FCA-96B5-06A31A07376C}.Release|x86.Deploy.0 = Release|x86
		{8727F453-8068-431A-90E6-C349183CBFCE}.Ad-Hoc|Any CPU.ActiveCfg = Release|Any CPU
		{8727F453-8068-431A-90E6-C349183CBFCE}.Ad-Hoc|Any CPU.Build.0 = Release|Any CPU
		{8727F453-8068-431A-90E6-C349183CBFCE}.Ad-Hoc|Any CPU.Deploy.0 = Release|Any CPU
		{8727F453-8068-431A-90E6-C349183CBFCE}.Ad-Hoc|ARM.ActiveCfg = Release|ARM
		{8727F453-8068-431A-90E6-C349183CBFCE}.Ad-Hoc|ARM.Build.0 = Release|ARM
		{8727F453-8068-431A-90E6-C349183CBFCE}.Ad-Hoc|ARM.Deploy.0 = Release|ARM
		{8727F453-8068-431A-90E6-C349183CBFCE}.Ad-Hoc|iPhone.ActiveCfg = Release|Any CPU
		{8727F453-8068-431A-90E6-C349183CBFCE}.Ad-Hoc|iPhone.Build.0 = Release|Any CPU
		{8727F453-8068-431A-90E6-C349183CBFCE}.Ad-Hoc|iPhone.Deploy.0 = Release|Any CPU
		{8727F453-8068-431A-90E6-C349183CBFCE}.Ad-Hoc|iPhoneSimulator.ActiveCfg = Release|Any CPU
		{8727F453-8068-431A-90E6-C349183CBFCE}.Ad-Hoc|iPhoneSimulator.Build.0 = Release|Any CPU
		{8727F453-8068-431A-90E6-C349183CBFCE}.Ad-Hoc|iPhoneSimulator.Deploy.0 = Release|Any CPU
		{8727F453-8068-431A-90E6-C349183CBFCE}.Ad-Hoc|x64.ActiveCfg = Release|x64
		{8727F453-8068-431A-90E6-C349183CBFCE}.Ad-Hoc|x64.Build.0 = Release|x64
		{8727F453-8068-431A-90E6-C349183CBFCE}.Ad-Hoc|x64.Deploy.0 = Release|x64
		{8727F453-8068-431A-90E6-C349183CBFCE}.Ad-Hoc|x86.ActiveCfg = Release|x86
		{8727F453-8068-431A-90E6-C349183CBFCE}.Ad-Hoc|x86.Build.0 = Release|x86
		{8727F453-8068-431A-90E6-C349183CBFCE}.Ad-Hoc|x86.Deploy.0 = Release|x86
		{8727F453-8068-431A-90E6-C349183CBFCE}.AppStore|Any CPU.ActiveCfg = Release|Any CPU
		{8727F453-8068-431A-90E6-C349183CBFCE}.AppStore|Any CPU.Build.0 = Release|Any CPU
		{8727F453-8068-431A-90E6-C349183CBFCE}.AppStore|Any CPU.Deploy.0 = Release|Any CPU
		{8727F453-8068-431A-90E6-C349183CBFCE}.AppStore|ARM.ActiveCfg = Release|ARM
		{8727F453-8068-431A-90E6-C349183CBFCE}.AppStore|ARM.Build.0 = Release|ARM
		{8727F453-8068-431A-90E6-C349183CBFCE}.AppStore|ARM.Deploy.0 = Release|ARM
		{8727F453-8068-431A-90E6-C349183CBFCE}.AppStore|iPhone.ActiveCfg = Release|Any CPU
		{8727F453-8068-431A-90E6-C349183CBFCE}.AppStore|iPhone.Build.0 = Release|Any CPU
		{8727F453-8068-431A-90E6-C349183CBFCE}.AppStore|iPhone.Deploy.0 = Release|Any CPU
		{8727F453-8068-431A-90E6-C349183CBFCE}.AppStore|iPhoneSimulator.ActiveCfg = Release|Any CPU
		{8727F453-8068-431A-90E6-C349183CBFCE}.AppStore|iPhoneSimulator.Build.0 = Release|Any CPU
		{8727F453-8068-431A-90E6-C349183CBFCE}.AppStore|iPhoneSimulator.Deploy.0 = Release|Any CPU
		{8727F453-8068-431A-90E6-C349183CBFCE}.AppStore|x64.ActiveCfg = Release|x64
		{8727F453-8068-431A-90E6-C349183CBFCE}.AppStore|x64.Build.0 = Release|x64
		{8727F453-8068-431A-90E6-C349183CBFCE}.AppStore|x64.Deploy.0 = Release|x64
		{8727F453-8068-431A-90E6-C349183CBFCE}.AppStore|x86.ActiveCfg = Release|x86
		{8727F453-8068-431A-90E6-C349183CBFCE}.AppStore|x86.Build.0 = Release|x86
		{8727F453-8068-431A-90E6-C349183CBFCE}.AppStore|x86.Deploy.0 = Release|x86
		{8727F453-8068-431A-90E6-C349183CBFCE}.Debug|Any CPU.ActiveCfg = Debug|Any CPU
		{8727F453-8068-431A-90E6-C349183CBFCE}.Debug|ARM.ActiveCfg = Debug|ARM
		{8727F453-8068-431A-90E6-C349183CBFCE}.Debug|ARM.Build.0 = Debug|ARM
		{8727F453-8068-431A-90E6-C349183CBFCE}.Debug|ARM.Deploy.0 = Debug|ARM
		{8727F453-8068-431A-90E6-C349183CBFCE}.Debug|iPhone.ActiveCfg = Debug|Any CPU
		{8727F453-8068-431A-90E6-C349183CBFCE}.Debug|iPhone.Build.0 = Debug|Any CPU
		{8727F453-8068-431A-90E6-C349183CBFCE}.Debug|iPhone.Deploy.0 = Debug|Any CPU
		{8727F453-8068-431A-90E6-C349183CBFCE}.Debug|iPhoneSimulator.ActiveCfg = Debug|Any CPU
		{8727F453-8068-431A-90E6-C349183CBFCE}.Debug|iPhoneSimulator.Build.0 = Debug|Any CPU
		{8727F453-8068-431A-90E6-C349183CBFCE}.Debug|iPhoneSimulator.Deploy.0 = Debug|Any CPU
		{8727F453-8068-431A-90E6-C349183CBFCE}.Debug|x64.ActiveCfg = Debug|x64
		{8727F453-8068-431A-90E6-C349183CBFCE}.Debug|x64.Build.0 = Debug|x64
		{8727F453-8068-431A-90E6-C349183CBFCE}.Debug|x64.Deploy.0 = Debug|x64
		{8727F453-8068-431A-90E6-C349183CBFCE}.Debug|x86.ActiveCfg = Debug|x86
		{8727F453-8068-431A-90E6-C349183CBFCE}.Debug|x86.Build.0 = Debug|x86
		{8727F453-8068-431A-90E6-C349183CBFCE}.Debug|x86.Deploy.0 = Debug|x86
		{8727F453-8068-431A-90E6-C349183CBFCE}.Release|Any CPU.ActiveCfg = Release|Any CPU
		{8727F453-8068-431A-90E6-C349183CBFCE}.Release|Any CPU.Build.0 = Release|Any CPU
		{8727F453-8068-431A-90E6-C349183CBFCE}.Release|Any CPU.Deploy.0 = Release|Any CPU
		{8727F453-8068-431A-90E6-C349183CBFCE}.Release|ARM.ActiveCfg = Release|ARM
		{8727F453-8068-431A-90E6-C349183CBFCE}.Release|ARM.Build.0 = Release|ARM
		{8727F453-8068-431A-90E6-C349183CBFCE}.Release|ARM.Deploy.0 = Release|ARM
		{8727F453-8068-431A-90E6-C349183CBFCE}.Release|iPhone.ActiveCfg = Release|Any CPU
		{8727F453-8068-431A-90E6-C349183CBFCE}.Release|iPhone.Build.0 = Release|Any CPU
		{8727F453-8068-431A-90E6-C349183CBFCE}.Release|iPhone.Deploy.0 = Release|Any CPU
		{8727F453-8068-431A-90E6-C349183CBFCE}.Release|iPhoneSimulator.ActiveCfg = Release|Any CPU
		{8727F453-8068-431A-90E6-C349183CBFCE}.Release|iPhoneSimulator.Build.0 = Release|Any CPU
		{8727F453-8068-431A-90E6-C349183CBFCE}.Release|iPhoneSimulator.Deploy.0 = Release|Any CPU
		{8727F453-8068-431A-90E6-C349183CBFCE}.Release|x64.ActiveCfg = Release|x64
		{8727F453-8068-431A-90E6-C349183CBFCE}.Release|x64.Build.0 = Release|x64
		{8727F453-8068-431A-90E6-C349183CBFCE}.Release|x64.Deploy.0 = Release|x64
		{8727F453-8068-431A-90E6-C349183CBFCE}.Release|x86.ActiveCfg = Release|x86
		{8727F453-8068-431A-90E6-C349183CBFCE}.Release|x86.Build.0 = Release|x86
		{8727F453-8068-431A-90E6-C349183CBFCE}.Release|x86.Deploy.0 = Release|x86
	EndGlobalSection
	GlobalSection(SolutionProperties) = preSolution
		HideSolutionNode = FALSE
	EndGlobalSection
EndGlobal
